
Microsoft Visual Studio Solution File, Format Version 12.00
# Visual Studio Version 17
VisualStudioVersion = 17.0.31903.59
MinimumVisualStudioVersion = 10.0.40219.1
Project("{F2A71F9B-5D33-465A-A702-920D77279786}") = "DockerfileDSL.FSharp", "src\DockerfileDSL.FSharp\DockerfileDSL.FSharp.fsproj", "{F5B89EEF-A76B-41CD-B539-211811FFF3D6}"
EndProject
Project("{F2A71F9B-5D33-465A-A702-920D77279786}") = "DockerfileDSL.FSharp.Tests", "tests\DockerfileDSL.FSharp.Tests\DockerfileDSL.FSharp.Tests.fsproj", "{28291213-AF0F-4155-B325-6AF37E7573C8}"
EndProject
Project("{2150E333-8FDC-42A3-9474-1A3956D46DE8}") = "tests", "tests", "{6D53906C-9E2F-48C4-905A-1A8CD1BDAF16}"
EndProject
Project("{F2A71F9B-5D33-465A-A702-920D77279786}") = "DockerfileDSL.FSharp.Tests2", "tests\DockerfileDSL.FSharp.Tests2\DockerfileDSL.FSharp.Tests2.fsproj", "{5BF9F70B-E1F3-42E9-8BCE-8E4BE4C5FF6E}"
EndProject
Global
	GlobalSection(SolutionConfigurationPlatforms) = preSolution
		Debug|Any CPU = Debug|Any CPU
		Release|Any CPU = Release|Any CPU
	EndGlobalSection
	GlobalSection(SolutionProperties) = preSolution
		HideSolutionNode = FALSE
	EndGlobalSection
	GlobalSection(ProjectConfigurationPlatforms) = postSolution
		{F5B89EEF-A76B-41CD-B539-211811FFF3D6}.Debug|Any CPU.ActiveCfg = Debug|Any CPU
		{F5B89EEF-A76B-41CD-B539-211811FFF3D6}.Debug|Any CPU.Build.0 = Debug|Any CPU
		{F5B89EEF-A76B-41CD-B539-211811FFF3D6}.Release|Any CPU.ActiveCfg = Release|Any CPU
		{F5B89EEF-A76B-41CD-B539-211811FFF3D6}.Release|Any CPU.Build.0 = Release|Any CPU
		{28291213-AF0F-4155-B325-6AF37E7573C8}.Debug|Any CPU.ActiveCfg = Debug|Any CPU
		{28291213-AF0F-4155-B325-6AF37E7573C8}.Debug|Any CPU.Build.0 = Debug|Any CPU
		{28291213-AF0F-4155-B325-6AF37E7573C8}.Release|Any CPU.ActiveCfg = Release|Any CPU
		{28291213-AF0F-4155-B325-6AF37E7573C8}.Release|Any CPU.Build.0 = Release|Any CPU
		{5BF9F70B-E1F3-42E9-8BCE-8E4BE4C5FF6E}.Debug|Any CPU.ActiveCfg = Debug|Any CPU
		{5BF9F70B-E1F3-42E9-8BCE-8E4BE4C5FF6E}.Debug|Any CPU.Build.0 = Debug|Any CPU
		{5BF9F70B-E1F3-42E9-8BCE-8E4BE4C5FF6E}.Release|Any CPU.ActiveCfg = Release|Any CPU
		{5BF9F70B-E1F3-42E9-8BCE-8E4BE4C5FF6E}.Release|Any CPU.Build.0 = Release|Any CPU
	EndGlobalSection
	GlobalSection(NestedProjects) = preSolution
		{5BF9F70B-E1F3-42E9-8BCE-8E4BE4C5FF6E} = {6D53906C-9E2F-48C4-905A-1A8CD1BDAF16}
	EndGlobalSection
EndGlobal
